PODS:
  - GGXSwiftExtension (0.5.5)
  - GXArrowView (0.1.1):
    - GGXSwiftExtension
    - Masonry
  - Masonry (1.1.0)

DEPENDENCIES:
  - GXArrowView (from `../`)

SPEC REPOS:
  trunk:
    - GGXSwiftExtension
    - Masonry

EXTERNAL SOURCES:
  GXArrowView:
    :path: "../"

SPEC CHECKSUMS:
  GGXSwiftExtension: 5a7e70c20be64f4f1cf02c063adcb76e1d2f8bcb
  GXArrowView: 647fcd801096335a549db40dc5a88bddf6ce7a68
  Masonry: 678fab65091a9290e40e2832a55e7ab731aad201

PODFILE CHECKSUM: b7acb5933fe859577d1840e861663ff4eb95c40a

COCOAPODS: 1.15.0
